
Microsoft Visual Studio Solution File, Format Version 12.00
# Visual Studio Express 2012 for Web
Project("{FAE04EC0-301F-11D3-BF4B-00C04F79EFBC}") = "SportsStore.Domain", "SportsStore.Domain\SportsStore.Domain.csproj", "{47384EFC-299A-4FF1-A278-3C241E50C33A}"
EndProject
Project("{FAE04EC0-301F-11D3-BF4B-00C04F79EFBC}") = "SportsStore.WebUI", "SportsStore.WebUI\SportsStore.WebUI.csproj", "{1613A267-E7D5-4558-8CFA-1B63172B7CD9}"
EndProject
Project("{FAE04EC0-301F-11D3-BF4B-00C04F79EFBC}") = "SportsStore.UnitTests", "SportsStore.UnitTests\SportsStore.UnitTests.csproj", "{FFE96A33-E5CE-4641-A9BB-75D2DBB773B4}"
EndProject
Global
	GlobalSection(SolutionConfigurationPlatforms) = preSolution
		Debug|Any CPU = Debug|Any CPU
		Release|Any CPU = Release|Any CPU
	EndGlobalSection
	GlobalSection(ProjectConfigurationPlatforms) = postSolution
		{47384EFC-299A-4FF1-A278-3C241E50C33A}.Debug|Any CPU.ActiveCfg = Debug|Any CPU
		{47384EFC-299A-4FF1-A278-3C241E50C33A}.Debug|Any CPU.Build.0 = Debug|Any CPU
		{47384EFC-299A-4FF1-A278-3C241E50C33A}.Release|Any CPU.ActiveCfg = Release|Any CPU
		{47384EFC-299A-4FF1-A278-3C241E50C33A}.Release|Any CPU.Build.0 = Release|Any CPU
		{1613A267-E7D5-4558-8CFA-1B63172B7CD9}.Debug|Any CPU.ActiveCfg = Debug|Any CPU
		{1613A267-E7D5-4558-8CFA-1B63172B7CD9}.Debug|Any CPU.Build.0 = Debug|Any CPU
		{1613A267-E7D5-4558-8CFA-1B63172B7CD9}.Release|Any CPU.ActiveCfg = Release|Any CPU
		{1613A267-E7D5-4558-8CFA-1B63172B7CD9}.Release|Any CPU.Build.0 = Release|Any CPU
		{FFE96A33-E5CE-4641-A9BB-75D2DBB773B4}.Debug|Any CPU.ActiveCfg = Debug|Any CPU
		{FFE96A33-E5CE-4641-A9BB-75D2DBB773B4}.Debug|Any CPU.Build.0 = Debug|Any CPU
		{FFE96A33-E5CE-4641-A9BB-75D2DBB773B4}.Release|Any CPU.ActiveCfg = Release|Any CPU
		{FFE96A33-E5CE-4641-A9BB-75D2DBB773B4}.Release|Any CPU.Build.0 = Release|Any CPU
	EndGlobalSection
	GlobalSection(SolutionProperties) = preSolution
		HideSolutionNode = FALSE
	EndGlobalSection
EndGlobal
